
Microsoft Visual Studio Solution File, Format Version 12.00
# Visual Studio Version 17
VisualStudioVersion = 17.2.32630.192
MinimumVisualStudioVersion = 10.0.40219.1
Project("{9A19103F-16F7-4668-BE54-9A1E7A4F7556}") = "CarLibrary", "CarLibrary\CarLibrary.csproj", "{2CF8C815-4918-4415-BBD1-2D32EB7D722B}"
EndProject
Project("{FAE04EC0-301F-11D3-BF4B-00C04F79EFBC}") = "CarTest", "CarTest\CarTest.csproj", "{40FD10B3-9BA3-4F11-957C-D0AD8E46D268}"
EndProject
Global
	GlobalSection(SolutionConfigurationPlatforms) = preSolution
		Debug|Any CPU = Debug|Any CPU
		Release|Any CPU = Release|Any CPU
	EndGlobalSection
	GlobalSection(ProjectConfigurationPlatforms) = postSolution
		{2CF8C815-4918-4415-BBD1-2D32EB7D722B}.Debug|Any CPU.ActiveCfg = Debug|Any CPU
		{2CF8C815-4918-4415-BBD1-2D32EB7D722B}.Debug|Any CPU.Build.0 = Debug|Any CPU
		{2CF8C815-4918-4415-BBD1-2D32EB7D722B}.Release|Any CPU.ActiveCfg = Release|Any CPU
		{2CF8C815-4918-4415-BBD1-2D32EB7D722B}.Release|Any CPU.Build.0 = Release|Any CPU
		{40FD10B3-9BA3-4F11-957C-D0AD8E46D268}.Debug|Any CPU.ActiveCfg = Debug|Any CPU
		{40FD10B3-9BA3-4F11-957C-D0AD8E46D268}.Debug|Any CPU.Build.0 = Debug|Any CPU
		{40FD10B3-9BA3-4F11-957C-D0AD8E46D268}.Release|Any CPU.ActiveCfg = Release|Any CPU
		{40FD10B3-9BA3-4F11-957C-D0AD8E46D268}.Release|Any CPU.Build.0 = Release|Any CPU
	EndGlobalSection
	GlobalSection(SolutionProperties) = preSolution
		HideSolutionNode = FALSE
	EndGlobalSection
	GlobalSection(ExtensibilityGlobals) = postSolution
		SolutionGuid = {ECF92471-EC0F-4F75-8102-1A243BF7CEA9}
	EndGlobalSection
EndGlobal
